
Microsoft Visual Studio Solution File, Format Version 12.00
# Visual Studio 2013
VisualStudioVersion = 12.0.21005.1
MinimumVisualStudioVersion = 10.0.40219.1
Project("{FAE04EC0-301F-11D3-BF4B-00C04F79EFBC}") = "CarRentMigration", "CarRentMigration\CarRentMigration.csproj", "{02A74B1D-1147-435D-A38E-2E2C7A7F2900}"
EndProject
Project("{FAE04EC0-301F-11D3-BF4B-00C04F79EFBC}") = "CRMDomain", "CRMDomain\CRMDomain.csproj", "{113F8F6D-A083-4374-906F-155013602A6D}"
EndProject
Project("{FAE04EC0-301F-11D3-BF4B-00C04F79EFBC}") = "CRMService", "CRMService\CRMService.csproj", "{0536834A-6A51-4728-807F-3FD62C6C6F73}"
EndProject
Project("{FAE04EC0-301F-11D3-BF4B-00C04F79EFBC}") = "CRMData", "CRMData\CRMData.csproj", "{21E50328-2E86-4A22-BA8B-FEA5954BD56A}"
EndProject
Project("{FAE04EC0-301F-11D3-BF4B-00C04F79EFBC}") = "CRMCore", "CRMCore\CRMCore.csproj", "{2A378754-57B1-42C7-9133-5DBB75C43701}"
EndProject
Global
	GlobalSection(SolutionConfigurationPlatforms) = preSolution
		Debug|Any CPU = Debug|Any CPU
		Release|Any CPU = Release|Any CPU
	EndGlobalSection
	GlobalSection(ProjectConfigurationPlatforms) = postSolution
		{02A74B1D-1147-435D-A38E-2E2C7A7F2900}.Debug|Any CPU.ActiveCfg = Debug|Any CPU
		{02A74B1D-1147-435D-A38E-2E2C7A7F2900}.Debug|Any CPU.Build.0 = Debug|Any CPU
		{02A74B1D-1147-435D-A38E-2E2C7A7F2900}.Release|Any CPU.ActiveCfg = Release|Any CPU
		{02A74B1D-1147-435D-A38E-2E2C7A7F2900}.Release|Any CPU.Build.0 = Release|Any CPU
		{113F8F6D-A083-4374-906F-155013602A6D}.Debug|Any CPU.ActiveCfg = Debug|Any CPU
		{113F8F6D-A083-4374-906F-155013602A6D}.Debug|Any CPU.Build.0 = Debug|Any CPU
		{113F8F6D-A083-4374-906F-155013602A6D}.Release|Any CPU.ActiveCfg = Release|Any CPU
		{113F8F6D-A083-4374-906F-155013602A6D}.Release|Any CPU.Build.0 = Release|Any CPU
		{0536834A-6A51-4728-807F-3FD62C6C6F73}.Debug|Any CPU.ActiveCfg = Debug|Any CPU
		{0536834A-6A51-4728-807F-3FD62C6C6F73}.Debug|Any CPU.Build.0 = Debug|Any CPU
		{0536834A-6A51-4728-807F-3FD62C6C6F73}.Release|Any CPU.ActiveCfg = Release|Any CPU
		{0536834A-6A51-4728-807F-3FD62C6C6F73}.Release|Any CPU.Build.0 = Release|Any CPU
		{21E50328-2E86-4A22-BA8B-FEA5954BD56A}.Debug|Any CPU.ActiveCfg = Debug|Any CPU
		{21E50328-2E86-4A22-BA8B-FEA5954BD56A}.Debug|Any CPU.Build.0 = Debug|Any CPU
		{21E50328-2E86-4A22-BA8B-FEA5954BD56A}.Release|Any CPU.ActiveCfg = Release|Any CPU
		{21E50328-2E86-4A22-BA8B-FEA5954BD56A}.Release|Any CPU.Build.0 = Release|Any CPU
		{2A378754-57B1-42C7-9133-5DBB75C43701}.Debug|Any CPU.ActiveCfg = Debug|Any CPU
		{2A378754-57B1-42C7-9133-5DBB75C43701}.Debug|Any CPU.Build.0 = Debug|Any CPU
		{2A378754-57B1-42C7-9133-5DBB75C43701}.Release|Any CPU.ActiveCfg = Release|Any CPU
		{2A378754-57B1-42C7-9133-5DBB75C43701}.Release|Any CPU.Build.0 = Release|Any CPU
	EndGlobalSection
	GlobalSection(SolutionProperties) = preSolution
		HideSolutionNode = FALSE
	EndGlobalSection
EndGlobal
